
Microsoft Visual Studio Solution File, Format Version 12.00
# Visual Studio 14
VisualStudioVersion = 14.0.23107.0
MinimumVisualStudioVersion = 10.0.40219.1
Project("{FAE04EC0-301F-11D3-BF4B-00C04F79EFBC}") = "Middleware", "Middleware\Middleware.csproj", "{B1113B79-C135-4F19-98A5-846D5790F2C6}"
EndProject
Project("{FAE04EC0-301F-11D3-BF4B-00C04F79EFBC}") = "WinApp", "WinApp\WinApp.csproj", "{7A593790-49E6-4085-ADE8-5488917C6DE1}"
EndProject
Project("{FAE04EC0-301F-11D3-BF4B-00C04F79EFBC}") = "MiddlewareTests", "MiddlewareTests\MiddlewareTests.csproj", "{92BDEF15-DCDC-4D58-BD67-73BB72A90D5B}"
EndProject
Global
	GlobalSection(SolutionConfigurationPlatforms) = preSolution
		Debug|Any CPU = Debug|Any CPU
		Release|Any CPU = Release|Any CPU
	EndGlobalSection
	GlobalSection(ProjectConfigurationPlatforms) = postSolution
		{B1113B79-C135-4F19-98A5-846D5790F2C6}.Debug|Any CPU.ActiveCfg = Debug|Any CPU
		{B1113B79-C135-4F19-98A5-846D5790F2C6}.Debug|Any CPU.Build.0 = Debug|Any CPU
		{B1113B79-C135-4F19-98A5-846D5790F2C6}.Release|Any CPU.ActiveCfg = Release|Any CPU
		{B1113B79-C135-4F19-98A5-846D5790F2C6}.Release|Any CPU.Build.0 = Release|Any CPU
		{7A593790-49E6-4085-ADE8-5488917C6DE1}.Debug|Any CPU.ActiveCfg = Debug|Any CPU
		{7A593790-49E6-4085-ADE8-5488917C6DE1}.Debug|Any CPU.Build.0 = Debug|Any CPU
		{7A593790-49E6-4085-ADE8-5488917C6DE1}.Release|Any CPU.ActiveCfg = Release|Any CPU
		{7A593790-49E6-4085-ADE8-5488917C6DE1}.Release|Any CPU.Build.0 = Release|Any CPU
		{92BDEF15-DCDC-4D58-BD67-73BB72A90D5B}.Debug|Any CPU.ActiveCfg = Debug|Any CPU
		{92BDEF15-DCDC-4D58-BD67-73BB72A90D5B}.Debug|Any CPU.Build.0 = Debug|Any CPU
		{92BDEF15-DCDC-4D58-BD67-73BB72A90D5B}.Release|Any CPU.ActiveCfg = Release|Any CPU
		{92BDEF15-DCDC-4D58-BD67-73BB72A90D5B}.Release|Any CPU.Build.0 = Release|Any CPU
	EndGlobalSection
	GlobalSection(SolutionProperties) = preSolution
		HideSolutionNode = FALSE
	EndGlobalSection
EndGlobal
